// !$*UTF8*$!
{
	archiveVersion = 1;
	classes = {
	};
	objectVersion = 55;
	objects = {

/* Begin PBXBuildFile section */
		EFEA0ADB2A03BFE9000D14A3 /* AppDelegate.swift in Sources */ = {isa = PBXBuildFile; fileRef = EFEA0ADA2A03BFE9000D14A3 /* AppDelegate.swift */; };
		EFEA0ADD2A03BFE9000D14A3 /* SceneDelegate.swift in Sources */ = {isa = PBXBuildFile; fileRef = EFEA0ADC2A03BFE9000D14A3 /* SceneDelegate.swift */; };
		EFEA0ADF2A03BFE9000D14A3 /* ViewController.swift in Sources */ = {isa = PBXBuildFile; fileRef = EFEA0ADE2A03BFE9000D14A3 /* ViewController.swift */; };
		EFEA0AE22A03BFE9000D14A3 /* Main.storyboard in Resources */ = {isa = PBXBuildFile; fileRef = EFEA0AE02A03BFE9000D14A3 /* Main.storyboard */; };
		EFEA0AE42A03BFEA000D14A3 /* Assets.xcassets in Resources */ = {isa = PBXBuildFile; fileRef = EFEA0AE32A03BFEA000D14A3 /* Assets.xcassets */; };
		EFEA0AE72A03BFEA000D14A3 /* LaunchScreen.storyboard in Resources */ = {isa = PBXBuildFile; fileRef = EFEA0AE52A03BFEA000D14A3 /* LaunchScreen.storyboard */; };
		EFEA0AF22A03BFEA000D14A3 /* CounterTests.swift in Sources */ = {isa = PBXBuildFile; fileRef = EFEA0AF12A03BFEA000D14A3 /* CounterTests.swift */; };
		EFEA0AFC2A03BFEA000D14A3 /* CounterUITests.swift in Sources */ = {isa = PBXBuildFile; fileRef = EFEA0AFB2A03BFEA000D14A3 /* CounterUITests.swift */; };
		EFEA0AFE2A03BFEA000D14A3 /* CounterUITestsLaunchTests.swift in Sources */ = {isa = PBXBuildFile; fileRef = EFEA0AFD2A03BFEA000D14A3 /* CounterUITestsLaunchTests.swift */; };
/* End PBXBuildFile section */

/* Begin PBXContainerItemProxy section */
		EFEA0AEE2A03BFEA000D14A3 /* PBXContainerItemProxy */ = {
			isa = PBXContainerItemProxy;
			containerPortal = EFEA0ACF2A03BFE9000D14A3 /* Project object */;
			proxyType = 1;
			remoteGlobalIDString = EFEA0AD62A03BFE9000D14A3;
			remoteInfo = Counter;
		};
		EFEA0AF82A03BFEA000D14A3 /* PBXContainerItemProxy */ = {
			isa = PBXContainerItemProxy;
			containerPortal = EFEA0ACF2A03BFE9000D14A3 /* Project object */;
			proxyType = 1;
			remoteGlobalIDString = EFEA0AD62A03BFE9000D14A3;
			remoteInfo = Counter;
		};
/* End PBXContainerItemProxy section */

/* Begin PBXFileReference section */
		EFEA0AD72A03BFE9000D14A3 /* Counter.app */ = {isa = PBXFileReference; explicitFileType = wrapper.application; includeInIndex = 0; path = Counter.app; sourceTree = BUILT_PRODUCTS_DIR; };
		EFEA0ADA2A03BFE9000D14A3 /* AppDelegate.swift */ = {isa = PBXFileReference; lastKnownFileType = sourcecode.swift; path = AppDelegate.swift; sourceTree = "<group>"; };
		EFEA0ADC2A03BFE9000D14A3 /* SceneDelegate.swift */ = {isa = PBXFileReference; lastKnownFileType = sourcecode.swift; path = SceneDelegate.swift; sourceTree = "<group>"; };
		EFEA0ADE2A03BFE9000D14A3 /* ViewController.swift */ = {isa = PBXFileReference; lastKnownFileType = sourcecode.swift; path = ViewController.swift; sourceTree = "<group>"; };
		EFEA0AE12A03BFE9000D14A3 /* Base */ = {isa = PBXFileReference; lastKnownFileType = file.storyboard; name = Base; path = Base.lproj/Main.storyboard; sourceTree = "<group>"; };
		EFEA0AE32A03BFEA000D14A3 /* Assets.xcassets */ = {isa = PBXFileReference; lastKnownFileType = folder.assetcatalog; path = Assets.xcassets; sourceTree = "<group>"; };
		EFEA0AE62A03BFEA000D14A3 /* Base */ = {isa = PBXFileReference; lastKnownFileType = file.storyboard; name = Base; path = Base.lproj/LaunchScreen.storyboard; sourceTree = "<group>"; };
		EFEA0AE82A03BFEA000D14A3 /* Info.plist */ = {isa = PBXFileReference; lastKnownFileType = text.plist.xml; path = Info.plist; sourceTree = "<group>"; };
		EFEA0AED2A03BFEA000D14A3 /* CounterTests.xctest */ = {isa = PBXFileReference; explicitFileType = wrapper.cfbundle; includeInIndex = 0; path = CounterTests.xctest; sourceTree = BUILT_PRODUCTS_DIR; };
		EFEA0AF12A03BFEA000D14A3 /* CounterTests.swift */ = {isa = PBXFileReference; lastKnownFileType = sourcecode.swift; path = CounterTests.swift; sourceTree = "<group>"; };
		EFEA0AF72A03BFEA000D14A3 /* CounterUITests.xctest */ = {isa = PBXFileReference; explicitFileType = wrapper.cfbundle; includeInIndex = 0; path = CounterUITests.xctest; sourceTree = BUILT_PRODUCTS_DIR; };
		EFEA0AFB2A03BFEA000D14A3 /* CounterUITests.swift */ = {isa = PBXFileReference; lastKnownFileType = sourcecode.swift; path = CounterUITests.swift; sourceTree = "<group>"; };
		EFEA0AFD2A03BFEA000D14A3 /* CounterUITestsLaunchTests.swift */ = {isa = PBXFileReference; lastKnownFileType = sourcecode.swift; path = CounterUITestsLaunchTests.swift; sourceTree = "<group>"; };
/* End PBXFileReference section */

/* Begin PBXFrameworksBuildPhase section */
		EFEA0AD42A03BFE9000D14A3 /* Frameworks */ = {
			isa = PBXFrameworksBuildPhase;
			buildActionMask = 2147483647;
			files = (
			);
			runOnlyForDeploymentPostprocessing = 0;
		};
		EFEA0AEA2A03BFEA000D14A3 /* Frameworks */ = {
			isa = PBXFrameworksBuildPhase;
			buildActionMask = 2147483647;
			files = (
			);
			runOnlyForDeploymentPostprocessing = 0;
		};
		EFEA0AF42A03BFEA000D14A3 /* Frameworks */ = {
			isa = PBXFrameworksBuildPhase;
			buildActionMask = 2147483647;
			files = (
			);
			runOnlyForDeploymentPostprocessing = 0;
		};
/* End PBXFrameworksBuildPhase section */

/* Begin PBXGroup section */
		EFEA0ACE2A03BFE9000D14A3 = {
			isa = PBXGroup;
			children = (
				EFEA0AD92A03BFE9000D14A3 /* Counter */,
				EFEA0AF02A03BFEA000D14A3 /* CounterTests */,
				EFEA0AFA2A03BFEA000D14A3 /* CounterUITests */,
				EFEA0AD82A03BFE9000D14A3 /* Products */,
			);
			sourceTree = "<group>";
		};
		EFEA0AD82A03BFE9000D14A3 /* Products */ = {
			isa = PBXGroup;
			children = (
				EFEA0AD72A03BFE9000D14A3 /* Counter.app */,
				EFEA0AED2A03BFEA000D14A3 /* CounterTests.xctest */,
				EFEA0AF72A03BFEA000D14A3 /* CounterUITests.xctest */,
			);
			name = Products;
			sourceTree = "<group>";
		};
		EFEA0AD92A03BFE9000D14A3 /* Counter */ = {
			isa = PBXGroup;
			children = (
				EFEA0ADA2A03BFE9000D14A3 /* AppDelegate.swift */,
				EFEA0ADC2A03BFE9000D14A3 /* SceneDelegate.swift */,
				EFEA0ADE2A03BFE9000D14A3 /* ViewController.swift */,
				EFEA0AE02A03BFE9000D14A3 /* Main.storyboard */,
				EFEA0AE32A03BFEA000D14A3 /* Assets.xcassets */,
				EFEA0AE52A03BFEA000D14A3 /* LaunchScreen.storyboard */,
				EFEA0AE82A03BFEA000D14A3 /* Info.plist */,
			);
			path = Counter;
			sourceTree = "<group>";
		};
		EFEA0AF02A03BFEA000D14A3 /* CounterTests */ = {
			isa = PBXGroup;
			children = (
				EFEA0AF12A03BFEA000D14A3 /* CounterTests.swift */,
			);
			path = CounterTests;
			sourceTree = "<group>";
		};
		EFEA0AFA2A03BFEA000D14A3 /* CounterUITests */ = {
			isa = PBXGroup;
			children = (
				EFEA0AFB2A03BFEA000D14A3 /* CounterUITests.swift */,
				EFEA0AFD2A03BFEA000D14A3 /* CounterUITestsLaunchTests.swift */,
			);
			path = CounterUITests;
			sourceTree = "<group>";
		};
/* End PBXGroup section */

/* Begin PBXNativeTarget section */
		EFEA0AD62A03BFE9000D14A3 /* Counter */ = {
			isa = PBXNativeTarget;
			buildConfigurationList = EFEA0B012A03BFEA000D14A3 /* Build configuration list for PBXNativeTarget "Counter" */;
			buildPhases = (
				EFEA0AD32A03BFE9000D14A3 /* Sources */,
				EFEA0AD42A03BFE9000D14A3 /* Frameworks */,
				EFEA0AD52A03BFE9000D14A3 /* Resources */,
			);
			buildRules = (
			);
			dependencies = (
			);
			name = Counter;
			productName = Counter;
			productReference = EFEA0AD72A03BFE9000D14A3 /* Counter.app */;
			productType = "com.apple.product-type.application";
		};
		EFEA0AEC2A03BFEA000D14A3 /* CounterTests */ = {
			isa = PBXNativeTarget;
			buildConfigurationList = EFEA0B042A03BFEA000D14A3 /* Build configuration list for PBXNativeTarget "CounterTests" */;
			buildPhases = (
				EFEA0AE92A03BFEA000D14A3 /* Sources */,
				EFEA0AEA2A03BFEA000D14A3 /* Frameworks */,
				EFEA0AEB2A03BFEA000D14A3 /* Resources */,
			);
			buildRules = (
			);
			dependencies = (
				EFEA0AEF2A03BFEA000D14A3 /* PBXTargetDependency */,
			);
			name = CounterTests;
			productName = CounterTests;
			productReference = EFEA0AED2A03BFEA000D14A3 /* CounterTests.xctest */;
			productType = "com.apple.product-type.bundle.unit-test";
		};
		EFEA0AF62A03BFEA000D14A3 /* CounterUITests */ = {
			isa = PBXNativeTarget;
			buildConfigurationList = EFEA0B072A03BFEA000D14A3 /* Build configuration list for PBXNativeTarget "CounterUITests" */;
			buildPhases = (
				EFEA0AF32A03BFEA000D14A3 /* Sources */,
				EFEA0AF42A03BFEA000D14A3 /* Frameworks */,
				EFEA0AF52A03BFEA000D14A3 /* Resources */,
			);
			buildRules = (
			);
			dependencies = (
				EFEA0AF92A03BFEA000D14A3 /* PBXTargetDependency */,
			);
			name = CounterUITests;
			productName = CounterUITests;
			productReference = EFEA0AF72A03BFEA000D14A3 /* CounterUITests.xctest */;
			productType = "com.apple.product-type.bundle.ui-testing";
		};
/* End PBXNativeTarget section */

/* Begin PBXProject section */
		EFEA0ACF2A03BFE9000D14A3 /* Project object */ = {
			isa = PBXProject;
			attributes = {
				BuildIndependentTargetsInParallel = 1;
				LastSwiftUpdateCheck = 1320;
				LastUpgradeCheck = 1320;
				TargetAttributes = {
					EFEA0AD62A03BFE9000D14A3 = {
						CreatedOnToolsVersion = 13.2.1;
					};
					EFEA0AEC2A03BFEA000D14A3 = {
						CreatedOnToolsVersion = 13.2.1;
						TestTargetID = EFEA0AD62A03BFE9000D14A3;
					};
					EFEA0AF62A03BFEA000D14A3 = {
						CreatedOnToolsVersion = 13.2.1;
						TestTargetID = EFEA0AD62A03BFE9000D14A3;
					};
				};
			};
			buildConfigurationList = EFEA0AD22A03BFE9000D14A3 /* Build configuration list for PBXProject "Counter" */;
			compatibilityVersion = "Xcode 13.0";
			developmentRegion = en;
			hasScannedForEncodings = 0;
			knownRegions = (
				en,
				Base,
			);
			mainGroup = EFEA0ACE2A03BFE9000D14A3;
			productRefGroup = EFEA0AD82A03BFE9000D14A3 /* Products */;
			projectDirPath = "";
			projectRoot = "";
			targets = (
				EFEA0AD62A03BFE9000D14A3 /* Counter */,
				EFEA0AEC2A03BFEA000D14A3 /* CounterTests */,
				EFEA0AF62A03BFEA000D14A3 /* CounterUITests */,
			);
		};
/* End PBXProject section */

/* Begin PBXResourcesBuildPhase section */
		EFEA0AD52A03BFE9000D14A3 /* Resources */ = {
			isa = PBXResourcesBuildPhase;
			buildActionMask = 2147483647;
			files = (
				EFEA0AE72A03BFEA000D14A3 /* LaunchScreen.storyboard in Resources */,
				EFEA0AE42A03BFEA000D14A3 /* Assets.xcassets in Resources */,
				EFEA0AE22A03BFE9000D14A3 /* Main.storyboard in Resources */,
			);
			runOnlyForDeploymentPostprocessing = 0;
		};
		EFEA0AEB2A03BFEA000D14A3 /* Resources */ = {
			isa = PBXResourcesBuildPhase;
			buildActionMask = 2147483647;
			files = (
			);
			runOnlyForDeploymentPostprocessing = 0;
		};
		EFEA0AF52A03BFEA000D14A3 /* Resources */ = {
			isa = PBXResourcesBuildPhase;
			buildActionMask = 2147483647;
			files = (
			);
			runOnlyForDeploymentPostprocessing = 0;
		};
/* End PBXResourcesBuildPhase section */

/* Begin PBXSourcesBuildPhase section */
		EFEA0AD32A03BFE9000D14A3 /* Sources */ = {
			isa = PBXSourcesBuildPhase;
			buildActionMask = 2147483647;
			files = (
				EFEA0ADF2A03BFE9000D14A3 /* ViewController.swift in Sources */,
				EFEA0ADB2A03BFE9000D14A3 /* AppDelegate.swift in Sources */,
				EFEA0ADD2A03BFE9000D14A3 /* SceneDelegate.swift in Sources */,
			);
			runOnlyForDeploymentPostprocessing = 0;
		};
		EFEA0AE92A03BFEA000D14A3 /* Sources */ = {
			isa = PBXSourcesBuildPhase;
			buildActionMask = 2147483647;
			files = (
				EFEA0AF22A03BFEA000D14A3 /* CounterTests.swift in Sources */,
			);
			runOnlyForDeploymentPostprocessing = 0;
		};
		EFEA0AF32A03BFEA000D14A3 /* Sources */ = {
			isa = PBXSourcesBuildPhase;
			buildActionMask = 2147483647;
			files = (
				EFEA0AFC2A03BFEA000D14A3 /* CounterUITests.swift in Sources */,
				EFEA0AFE2A03BFEA000D14A3 /* CounterUITestsLaunchTests.swift in Sources */,
			);
			runOnlyForDeploymentPostprocessing = 0;
		};
/* End PBXSourcesBuildPhase section */

/* Begin PBXTargetDependency section */
		EFEA0AEF2A03BFEA000D14A3 /* PBXTargetDependency */ = {
			isa = PBXTargetDependency;
			target = EFEA0AD62A03BFE9000D14A3 /* Counter */;
			targetProxy = EFEA0AEE2A03BFEA000D14A3 /* PBXContainerItemProxy */;
		};
		EFEA0AF92A03BFEA000D14A3 /* PBXTargetDependency */ = {
			isa = PBXTargetDependency;
			target = EFEA0AD62A03BFE9000D14A3 /* Counter */;
			targetProxy = EFEA0AF82A03BFEA000D14A3 /* PBXContainerItemProxy */;
		};
/* End PBXTargetDependency section */

/* Begin PBXVariantGroup section */
		EFEA0AE02A03BFE9000D14A3 /* Main.storyboard */ = {
			isa = PBXVariantGroup;
			children = (
				EFEA0AE12A03BFE9000D14A3 /* Base */,
			);
			name = Main.storyboard;
			sourceTree = "<group>";
		};
		EFEA0AE52A03BFEA000D14A3 /* LaunchScreen.storyboard */ = {
			isa = PBXVariantGroup;
			children = (
				EFEA0AE62A03BFEA000D14A3 /* Base */,
			);
			name = LaunchScreen.storyboard;
			sourceTree = "<group>";
		};
/* End PBXVariantGroup section */

/* Begin XCBuildConfiguration section */
		EFEA0AFF2A03BFEA000D14A3 /* Debug */ = {
			isa = XCBuildConfiguration;
			buildSettings = {
				ALWAYS_SEARCH_USER_PATHS = NO;
				CLANG_ANALYZER_NONNULL = YES;
				CLANG_ANALYZER_NUMBER_OBJECT_CONVERSION = YES_AGGRESSIVE;
				CLANG_CXX_LANGUAGE_STANDARD = "gnu++17";
				CLANG_CXX_LIBRARY = "libc++";
				CLANG_ENABLE_MODULES = YES;
				CLANG_ENABLE_OBJC_ARC = YES;
				CLANG_ENABLE_OBJC_WEAK = YES;
				CLANG_WARN_BLOCK_CAPTURE_AUTORELEASING = YES;
				CLANG_WARN_BOOL_CONVERSION = YES;
				CLANG_WARN_COMMA = YES;
				CLANG_WARN_CONSTANT_CONVERSION = YES;
				CLANG_WARN_DEPRECATED_OBJC_IMPLEMENTATIONS = YES;
				CLANG_WARN_DIRECT_OBJC_ISA_USAGE = YES_ERROR;
				CLANG_WARN_DOCUMENTATION_COMMENTS = YES;
				CLANG_WARN_EMPTY_BODY = YES;
				CLANG_WARN_ENUM_CONVERSION = YES;
				CLANG_WARN_INFINITE_RECURSION = YES;
				CLANG_WARN_INT_CONVERSION = YES;
				CLANG_WARN_NON_LITERAL_NULL_CONVERSION = YES;
				CLANG_WARN_OBJC_IMPLICIT_RETAIN_SELF = YES;
				CLANG_WARN_OBJC_LITERAL_CONVERSION = YES;
				CLANG_WARN_OBJC_ROOT_CLASS = YES_ERROR;
				CLANG_WARN_QUOTED_INCLUDE_IN_FRAMEWORK_HEADER = YES;
				CLANG_WARN_RANGE_LOOP_ANALYSIS = YES;
				CLANG_WARN_STRICT_PROTOTYPES = YES;
				CLANG_WARN_SUSPICIOUS_MOVE = YES;
				CLANG_WARN_UNGUARDED_AVAILABILITY = YES_AGGRESSIVE;
				CLANG_WARN_UNREACHABLE_CODE = YES;
				CLANG_WARN__DUPLICATE_METHOD_MATCH = YES;
				COPY_PHASE_STRIP = NO;
				DEBUG_INFORMATION_FORMAT = dwarf;
				ENABLE_STRICT_OBJC_MSGSEND = YES;
				ENABLE_TESTABILITY = YES;
				GCC_C_LANGUAGE_STANDARD = gnu11;
				GCC_DYNAMIC_NO_PIC = NO;
				GCC_NO_COMMON_BLOCKS = YES;
				GCC_OPTIMIZATION_LEVEL = 0;
				GCC_PREPROCESSOR_DEFINITIONS = (
					"DEBUG=1",
					"$(inherited)",
				);
				GCC_WARN_64_TO_32_BIT_CONVERSION = YES;
				GCC_WARN_ABOUT_RETURN_TYPE = YES_ERROR;
				GCC_WARN_UNDECLARED_SELECTOR = YES;
				GCC_WARN_UNINITIALIZED_AUTOS = YES_AGGRESSIVE;
				GCC_WARN_UNUSED_FUNCTION = YES;
				GCC_WARN_UNUSED_VARIABLE = YES;
				IPHONEOS_DEPLOYMENT_TARGET = 15.2;
				MTL_ENABLE_DEBUG_INFO = INCLUDE_SOURCE;
				MTL_FAST_MATH = YES;
				ONLY_ACTIVE_ARCH = YES;
				SDKROOT = iphoneos;
				SWIFT_ACTIVE_COMPILATION_CONDITIONS = DEBUG;
				SWIFT_OPTIMIZATION_LEVEL = "-Onone";
			};
			name = Debug;
		};
		EFEA0B002A03BFEA000D14A3 /* Release */ = {
			isa = XCBuildConfiguration;
			buildSettings = {
				ALWAYS_SEARCH_USER_PATHS = NO;
				CLANG_ANALYZER_NONNULL = YES;
				CLANG_ANALYZER_NUMBER_OBJECT_CONVERSION = YES_AGGRESSIVE;
				CLANG_CXX_LANGUAGE_STANDARD = "gnu++17";
				CLANG_CXX_LIBRARY = "libc++";
				CLANG_ENABLE_MODULES = YES;
				CLANG_ENABLE_OBJC_ARC = YES;
				CLANG_ENABLE_OBJC_WEAK = YES;
				CLANG_WARN_BLOCK_CAPTURE_AUTORELEASING = YES;
				CLANG_WARN_BOOL_CONVERSION = YES;
				CLANG_WARN_COMMA = YES;
				CLANG_WARN_CONSTANT_CONVERSION = YES;
				CLANG_WARN_DEPRECATED_OBJC_IMPLEMENTATIONS = YES;
				CLANG_WARN_DIRECT_OBJC_ISA_USAGE = YES_ERROR;
				CLANG_WARN_DOCUMENTATION_COMMENTS = YES;
				CLANG_WARN_EMPTY_BODY = YES;
				CLANG_WARN_ENUM_CONVERSION = YES;
				CLANG_WARN_INFINITE_RECURSION = YES;
				CLANG_WARN_INT_CONVERSION = YES;
				CLANG_WARN_NON_LITERAL_NULL_CONVERSION = YES;
				CLANG_WARN_OBJC_IMPLICIT_RETAIN_SELF = YES;
				CLANG_WARN_OBJC_LITERAL_CONVERSION = YES;
				CLANG_WARN_OBJC_ROOT_CLASS = YES_ERROR;
				CLANG_WARN_QUOTED_INCLUDE_IN_FRAMEWORK_HEADER = YES;
				CLANG_WARN_RANGE_LOOP_ANALYSIS = YES;
				CLANG_WARN_STRICT_PROTOTYPES = YES;
				CLANG_WARN_SUSPICIOUS_MOVE = YES;
				CLANG_WARN_UNGUARDED_AVAILABILITY = YES_AGGRESSIVE;
				CLANG_WARN_UNREACHABLE_CODE = YES;
				CLANG_WARN__DUPLICATE_METHOD_MATCH = YES;
				COPY_PHASE_STRIP = NO;
				DEBUG_INFORMATION_FORMAT = "dwarf-with-dsym";
				ENABLE_NS_ASSERTIONS = NO;
				ENABLE_STRICT_OBJC_MSGSEND = YES;
				GCC_C_LANGUAGE_STANDARD = gnu11;
				GCC_NO_COMMON_BLOCKS = YES;
				GCC_WARN_64_TO_32_BIT_CONVERSION = YES;
				GCC_WARN_ABOUT_RETURN_TYPE = YES_ERROR;
				GCC_WARN_UNDECLARED_SELECTOR = YES;
				GCC_WARN_UNINITIALIZED_AUTOS = YES_AGGRESSIVE;
				GCC_WARN_UNUSED_FUNCTION = YES;
				GCC_WARN_UNUSED_VARIABLE = YES;
				IPHONEOS_DEPLOYMENT_TARGET = 15.2;
				MTL_ENABLE_DEBUG_INFO = NO;
				MTL_FAST_MATH = YES;
				SDKROOT = iphoneos;
				SWIFT_COMPILATION_MODE = wholemodule;
				SWIFT_OPTIMIZATION_LEVEL = "-O";
				VALIDATE_PRODUCT = YES;
			};
			name = Release;
		};
		EFEA0B022A03BFEA000D14A3 /* Debug */ = {
			isa = XCBuildConfiguration;
			buildSettings = {
				ASSETCATALOG_COMPILER_APPICON_NAME = AppIcon;
				ASSETCATALOG_COMPILER_GLOBAL_ACCENT_COLOR_NAME = AccentColor;
				CODE_SIGN_STYLE = Automatic;
				CURRENT_PROJECT_VERSION = 1;
				GENERATE_INFOPLIST_FILE = YES;
				INFOPLIST_FILE = Counter/Info.plist;
				INFOPLIST_KEY_UIApplicationSupportsIndirectInputEvents = YES;
				INFOPLIST_KEY_UILaunchStoryboardName = LaunchScreen;
				INFOPLIST_KEY_UIMainStoryboardFile = Main;
				INFOPLIST_KEY_UISupportedInterfaceOrientations_iPad = "UIInterfaceOrientationPortrait UIInterfaceOrientationPortraitUpsideDown UIInterfaceOrientationLandscapeLeft UIInterfaceOrientationLandscapeRight";
				INFOPLIST_KEY_UISupportedInterfaceOrientations_iPhone = "UIInterfaceOrientationPortrait UIInterfaceOrientationLandscapeLeft UIInterfaceOrientationLandscapeRight";
				LD_RUNPATH_SEARCH_PATHS = (
					"$(inherited)",
					"@executable_path/Frameworks",
				);
				MARKETING_VERSION = 1.0;
				PRODUCT_BUNDLE_IDENTIFIER = test.Counter;
				PRODUCT_NAME = "$(TARGET_NAME)";
				SWIFT_EMIT_LOC_STRINGS = YES;
				SWIFT_VERSION = 5.0;
				TARGETED_DEVICE_FAMILY = "1,2";
			};
			name = Debug;
		};
		EFEA0B032A03BFEA000D14A3 /* Release */ = {
			isa = XCBuildConfiguration;
			buildSettings = {
				ASSETCATALOG_COMPILER_APPICON_NAME = AppIcon;
				ASSETCATALOG_COMPILER_GLOBAL_ACCENT_COLOR_NAME = AccentColor;
				CODE_SIGN_STYLE = Automatic;
				CURRENT_PROJECT_VERSION = 1;
				GENERATE_INFOPLIST_FILE = YES;
				INFOPLIST_FILE = Counter/Info.plist;
				INFOPLIST_KEY_UIApplicationSupportsIndirectInputEvents = YES;
				INFOPLIST_KEY_UILaunchStoryboardName = LaunchScreen;
				INFOPLIST_KEY_UIMainStoryboardFile = Main;
				INFOPLIST_KEY_UISupportedInterfaceOrientations_iPad = "UIInterfaceOrientationPortrait UIInterfaceOrientationPortraitUpsideDown UIInterfaceOrientationLandscapeLeft UIInterfaceOrientationLandscapeRight";
				INFOPLIST_KEY_UISupportedInterfaceOrientations_iPhone = "UIInterfaceOrientationPortrait UIInterfaceOrientationLandscapeLeft UIInterfaceOrientationLandscapeRight";
				LD_RUNPATH_SEARCH_PATHS = (
					"$(inherited)",
					"@executable_path/Frameworks",
				);
				MARKETING_VERSION = 1.0;
				PRODUCT_BUNDLE_IDENTIFIER = test.Counter;
				PRODUCT_NAME = "$(TARGET_NAME)";
				SWIFT_EMIT_LOC_STRINGS = YES;
				SWIFT_VERSION = 5.0;
				TARGETED_DEVICE_FAMILY = "1,2";
			};
			name = Release;
		};
		EFEA0B052A03BFEA000D14A3 /* Debug */ = {
			isa = XCBuildConfiguration;
			buildSettings = {
				ALWAYS_EMBED_SWIFT_STANDARD_LIBRARIES = YES;
				BUNDLE_LOADER = "$(TEST_HOST)";
				CODE_SIGN_STYLE = Automatic;
				CURRENT_PROJECT_VERSION = 1;
				GENERATE_INFOPLIST_FILE = YES;
				IPHONEOS_DEPLOYMENT_TARGET = 15.2;
				MARKETING_VERSION = 1.0;
				PRODUCT_BUNDLE_IDENTIFIER = test.CounterTests;
				PRODUCT_NAME = "$(TARGET_NAME)";
				SWIFT_EMIT_LOC_STRINGS = NO;
				SWIFT_VERSION = 5.0;
				TARGETED_DEVICE_FAMILY = "1,2";
				TEST_HOST = "$(BUILT_PRODUCTS_DIR)/Counter.app/Counter";
			};
			name = Debug;
		};
		EFEA0B062A03BFEA000D14A3 /* Release */ = {
			isa = XCBuildConfiguration;
			buildSettings = {
				ALWAYS_EMBED_SWIFT_STANDARD_LIBRARIES = YES;
				BUNDLE_LOADER = "$(TEST_HOST)";
				CODE_SIGN_STYLE = Automatic;
				CURRENT_PROJECT_VERSION = 1;
				GENERATE_INFOPLIST_FILE = YES;
				IPHONEOS_DEPLOYMENT_TARGET = 15.2;
				MARKETING_VERSION = 1.0;
				PRODUCT_BUNDLE_IDENTIFIER = test.CounterTests;
				PRODUCT_NAME = "$(TARGET_NAME)";
				SWIFT_EMIT_LOC_STRINGS = NO;
				SWIFT_VERSION = 5.0;
				TARGETED_DEVICE_FAMILY = "1,2";
				TEST_HOST = "$(BUILT_PRODUCTS_DIR)/Counter.app/Counter";
			};
			name = Release;
		};
		EFEA0B082A03BFEA000D14A3 /* Debug */ = {
			isa = XCBuildConfiguration;
			buildSettings = {
				ALWAYS_EMBED_SWIFT_STANDARD_LIBRARIES = YES;
				CODE_SIGN_STYLE = Automatic;
				CURRENT_PROJECT_VERSION = 1;
				GENERATE_INFOPLIST_FILE = YES;
				MARKETING_VERSION = 1.0;
				PRODUCT_BUNDLE_IDENTIFIER = test.CounterUITests;
				PRODUCT_NAME = "$(TARGET_NAME)";
				SWIFT_EMIT_LOC_STRINGS = NO;
				SWIFT_VERSION = 5.0;
				TARGETED_DEVICE_FAMILY = "1,2";
				TEST_TARGET_NAME = Counter;
			};
			name = Debug;
		};
		EFEA0B092A03BFEA000D14A3 /* Release */ = {
			isa = XCBuildConfiguration;
			buildSettings = {
				ALWAYS_EMBED_SWIFT_STANDARD_LIBRARIES = YES;
				CODE_SIGN_STYLE = Automatic;
				CURRENT_PROJECT_VERSION = 1;
				GENERATE_INFOPLIST_FILE = YES;
				MARKETING_VERSION = 1.0;
				PRODUCT_BUNDLE_IDENTIFIER = test.CounterUITests;
				PRODUCT_NAME = "$(TARGET_NAME)";
				SWIFT_EMIT_LOC_STRINGS = NO;
				SWIFT_VERSION = 5.0;
				TARGETED_DEVICE_FAMILY = "1,2";
				TEST_TARGET_NAME = Counter;
			};
			name = Release;
		};
/* End XCBuildConfiguration section */

/* Begin XCConfigurationList section */
		EFEA0AD22A03BFE9000D14A3 /* Build configuration list for PBXProject "Counter" */ = {
			isa = XCConfigurationList;
			buildConfigurations = (
				EFEA0AFF2A03BFEA000D14A3 /* Debug */,
				EFEA0B002A03BFEA000D14A3 /* Release */,
			);
			defaultConfigurationIsVisible = 0;
			defaultConfigurationName = Release;
		};
		EFEA0B012A03BFEA000D14A3 /* Build configuration list for PBXNativeTarget "Counter" */ = {
			isa = XCConfigurationList;
			buildConfigurations = (
				EFEA0B022A03BFEA000D14A3 /* Debug */,
				EFEA0B032A03BFEA000D14A3 /* Release */,
			);
			defaultConfigurationIsVisible = 0;
			defaultConfigurationName = Release;
		};
		EFEA0B042A03BFEA000D14A3 /* Build configuration list for PBXNativeTarget "CounterTests" */ = {
			isa = XCConfigurationList;
			buildConfigurations = (
				EFEA0B052A03BFEA000D14A3 /* Debug */,
				EFEA0B062A03BFEA000D14A3 /* Release */,
			);
			defaultConfigurationIsVisible = 0;
			defaultConfigurationName = Release;
		};
		EFEA0B072A03BFEA000D14A3 /* Build configuration list for PBXNativeTarget "CounterUITests" */ = {
			isa = XCConfigurationList;
			buildConfigurations = (
				EFEA0B082A03BFEA000D14A3 /* Debug */,
				EFEA0B092A03BFEA000D14A3 /* Release */,
			);
			defaultConfigurationIsVisible = 0;
			defaultConfigurationName = Release;
		};
/* End XCConfigurationList section */
	};
	rootObject = EFEA0ACF2A03BFE9000D14A3 /* Project object */;
}
